github.com/apache/qpid-proton v0.0.0-20191030003658-d693de22cceb h1:2DDRgS1zmyol6Fr1B2QW7uJP9eaCiNVvbwVC4fyiw2s=
github.com/apache/qpid-proton v0.0.0-20191030003658-d693de22cceb/go.mod h1:KzZ93AoKqo5DrIyNm7lQ8geWIJWngn+vLwKSpRtJ/cc=
github.com/davecgh/go-spew v1.1.0 h1:ZDRjVQ15GmhC3fiQ8ni8+OwkZQO4DARzQgrnXU1Liz8=
github.com/davecgh/go-spew v1.1.0/go.mod h1:J7Y8YcW2NihsgmVo/mv3lAwl/skON4iLHjSsI+c5H38=
github.com/mattn/go-sqlite3 v1.10.0 h1:jbhqpg7tQe4SupckyijYiy0mJJ/pRyHvXf7JdWK860o=
github.com/mattn/go-sqlite3 v1.10.0/go.mod h1:FPy6KqzDD04eiIsT53CuJW3U88zkxoIYsOqkbpncsNc=
github.com/pmezard/go-difflib v1.0.0 h1:4DBwDE0NGyQoBHbLQYPwSUPoCMWR5BEzIk/f1lZbAQM=
github.com/pmezard/go-difflib v1.0.0/go.mod h1:iKH77koFhYxTK1pcRnkKkqfTogsbg7gZNVY4sRDYZ/4=
github.com/stretchr/objx v0.1.0/go.mod h1:HFkY916IF+rwdDfMAkV7OtwuqBVzrE8GR6GFx+wExME=
github.com/stretchr/testify v1.4.0 h1:2E4SXV/wtOkTonXsotYi4li6zVWxYlZuYNCXe9XRJyk=
github.com/stretchr/testify v1.4.0/go.mod h1:j7eGeouHqKxXV5pUuKE4zz7dFj8WfuZ+81PSLYec5m4=
golang.org/x/text v0.0.0-20170915032832-14c0d48ead0c h1:qgOY6WgZOaTkIIMiVjBQcw93ERBE4m30iBm00nkL0i8=
golang.org/x/text v0.0.0-20170915032832-14c0d48ead0c/go.mod h1:NqM8EUOU14njkJ3fqMW+pc6Ldnwhi/IjpwHt7yyuwOQ=
gopkg.in/check.v1 v0.0.0-20161208181325-20d25e280405/go.mod h1:Co6ibVJAznAaIkqp8huTwlJQCZ016jof/cbN4VW5Yz0=
gopkg.in/yaml.v2 v2.2.2 h1:ZCJp+EgiOT7lHqUV2J862kp8Qj64Jo6az82+3Td9dZw=
gopkg.in/yaml.v2 v2.2.2/go.mod h1:hI93XBmqTisBFMUTm0b8Fm+jr3Dg1NNxqwp+5A1VGuI=
pack.ag/amqp v0.11.0 h1:ot/IA0enDkt4/c8xfbCO7AZzjM4bHys/UffnFmnHUnU=
pack.ag/amqp v0.11.0/go.mod h1:4/cbmt4EJXSKlG6LCfWHoqmN0uFdy5i/+YFz+fTfhV4=
pack.ag/amqp v0.12.4 h1:t6sCQTAnJALWkMV1tNjepl7fE9DR1ihG2yLlI1zr/JA=
pack.ag/amqp v0.12.4/go.mod h1:4/cbmt4EJXSKlG6LCfWHoqmN0uFdy5i/+YFz+fTfhV4=
qpid.apache.org v0.0.0-20190514200412-aaabe4d3ebbf h1:9HFvv00m6dvTjlMYrYqzivS7OsxJdfcvbI5G71NZWtE=
qpid.apache.org v0.0.0-20191121105102-22a8e50a0352 h1:81YvLziDlVyW8YYCUu6vHKMN1yHMEmPnVbLjRuHYDes=
rsc.io/quote v1.5.2 h1:w5fcysjrx7yqtD/aO+QwRjYZOKnaM9Uh2b40tElTs3Y=
rsc.io/quote v1.5.2/go.mod h1:LzX7hefJvL54yjefDEDHNONDjII0t9xZLPXsUe+TKr0=
rsc.io/sampler v1.3.0 h1:7uVkIFmeBqHfdjD+gZwtXXI+RODJ2Wc4O7MPEh/QiW4=
rsc.io/sampler v1.3.0/go.mod h1:T1hPZKmBbMNahiBKFy5HrXp6adAjACjK9JXDnKaTXpA=
